<?xml version="1.0" encoding="utf-8"?>
<Project ToolsVersion="4.0" xmlns="http://schemas.microsoft.com/developer/msbuild/2003">
  <ItemGroup>
    <Filter Include="Source Files">
      <UniqueIdentifier>{4FC737F1-C7A5-4376-A066-2A32D752A2FF}</UniqueIdentifier>
      <Extensions>cpp;c;cc;cxx;def;odl;idl;hpj;bat;asm;asmx</Extensions>
    </Filter>
    <Filter Include="Header Files">
      <UniqueIdentifier>{93995380-89BD-4b04-88EB-625FBE52EBFB}</UniqueIdentifier>
      <Extensions>h;hh;hpp;hxx;hm;inl;inc;xsd</Extensions>
    </Filter>
    <Filter Include="Resource Files">
      <UniqueIdentifier>{67DA6AB6-F800-4c08-8B7A-83BB121AAD01}</UniqueIdentifier>
      <Extensions>rc;ico;cur;bmp;dlg;rc2;rct;bin;rgs;gif;jpg;jpeg;jpe;resx;tiff;tif;png;wav;mfcribbon-ms</Extensions>
    </Filter>
    <Filter Include="rapidjson">
      <UniqueIdentifier>{1efce6e1-55b5-48a3-a029-8df0705a9ae0}</UniqueIdentifier>
    </Filter>
    <Filter Include="tinyxml">
      <UniqueIdentifier>{99711282-3367-4888-827e-e847f38d1942}</UniqueIdentifier>
    </Filter>
  </ItemGroup>
  <ItemGroup>
    <ClInclude Include="stdafx.h">
      <Filter>Header Files</Filter>
    </ClInclude>
    <ClInclude Include="targetver.h">
      <Filter>Header Files</Filter>
    </ClInclude>
    <ClInclude Include="scheme.h">
      <Filter>Header Files</Filter>
    </ClInclude>
    <ClInclude Include="base64-decode.h">
      <Filter>Header Files</Filter>
    </ClInclude>
    <ClInclude Include="basedal.h">
      <Filter>Header Files</Filter>
    </ClInclude>
    <ClInclude Include="Blowfish.h">
      <Filter>Header Files</Filter>
    </ClInclude>
    <ClInclude Include="chatdal.h">
      <Filter>Header Files</Filter>
    </ClInclude>
    <ClInclude Include="DataSrv.h">
      <Filter>Header Files</Filter>
    </ClInclude>
    <ClInclude Include="Htmlget.h">
      <Filter>Header Files</Filter>
    </ClInclude>
    <ClInclude Include="HtmlgetAdmin.h">
      <Filter>Header Files</Filter>
    </ClInclude>
    <ClInclude Include="HtmlgetAdminProc.h">
      <Filter>Header Files</Filter>
    </ClInclude>
    <ClInclude Include="HtmlgetBatch.h">
      <Filter>Header Files</Filter>
    </ClInclude>
    <ClInclude Include="HtmlgetCal.h">
      <Filter>Header Files</Filter>
    </ClInclude>
    <ClInclude Include="HtmlgetIndex.h">
      <Filter>Header Files</Filter>
    </ClInclude>
    <ClInclude Include="HtmlgetIndexAction.h">
      <Filter>Header Files</Filter>
    </ClInclude>
    <ClInclude Include="HtmlgetIndexProc.h">
      <Filter>Header Files</Filter>
    </ClInclude>
    <ClInclude Include="HtmlgetMenubar.h">
      <Filter>Header Files</Filter>
    </ClInclude>
    <ClInclude Include="HtmlgetPic.h">
      <Filter>Header Files</Filter>
    </ClInclude>
    <ClInclude Include="HtmlgetpicProc.h">
      <Filter>Header Files</Filter>
    </ClInclude>
    <ClInclude Include="Htmlpost.h">
      <Filter>Header Files</Filter>
    </ClInclude>
    <ClInclude Include="HtmlSearchProc.h">
      <Filter>Header Files</Filter>
    </ClInclude>
    <ClInclude Include="Htmlupload.h">
      <Filter>Header Files</Filter>
    </ClInclude>
    <ClInclude Include="imagedal.h">
      <Filter>Header Files</Filter>
    </ClInclude>
    <ClInclude Include="ImBase.h">
      <Filter>Header Files</Filter>
    </ClInclude>
    <ClInclude Include="imlog.h">
      <Filter>Header Files</Filter>
    </ClInclude>
    <ClInclude Include="lang.h">
      <Filter>Header Files</Filter>
    </ClInclude>
    <ClInclude Include="letter.h">
      <Filter>Header Files</Filter>
    </ClInclude>
    <ClInclude Include="MySoft.h">
      <Filter>Header Files</Filter>
    </ClInclude>
    <ClInclude Include="resource.h">
      <Filter>Header Files</Filter>
    </ClInclude>
    <ClInclude Include="Singleton.h">
      <Filter>Header Files</Filter>
    </ClInclude>
    <ClInclude Include="stmdef.h">
      <Filter>Header Files</Filter>
    </ClInclude>
    <ClInclude Include="unitil.h">
      <Filter>Header Files</Filter>
    </ClInclude>
    <ClInclude Include="uploadParser.h">
      <Filter>Header Files</Filter>
    </ClInclude>
    <ClInclude Include="UrlMap.h">
      <Filter>Header Files</Filter>
    </ClInclude>
    <ClInclude Include="wsjosn.h">
      <Filter>Header Files</Filter>
    </ClInclude>
    <ClInclude Include="rapidjson\allocators.h">
      <Filter>rapidjson</Filter>
    </ClInclude>
    <ClInclude Include="rapidjson\cursorstreamwrapper.h">
      <Filter>rapidjson</Filter>
    </ClInclude>
    <ClInclude Include="rapidjson\document.h">
      <Filter>rapidjson</Filter>
    </ClInclude>
    <ClInclude Include="rapidjson\encodedstream.h">
      <Filter>rapidjson</Filter>
    </ClInclude>
    <ClInclude Include="rapidjson\encodings.h">
      <Filter>rapidjson</Filter>
    </ClInclude>
    <ClInclude Include="rapidjson\filereadstream.h">
      <Filter>rapidjson</Filter>
    </ClInclude>
    <ClInclude Include="rapidjson\filewritestream.h">
      <Filter>rapidjson</Filter>
    </ClInclude>
    <ClInclude Include="rapidjson\fwd.h">
      <Filter>rapidjson</Filter>
    </ClInclude>
    <ClInclude Include="rapidjson\istreamwrapper.h">
      <Filter>rapidjson</Filter>
    </ClInclude>
    <ClInclude Include="rapidjson\memorybuffer.h">
      <Filter>rapidjson</Filter>
    </ClInclude>
    <ClInclude Include="rapidjson\memorystream.h">
      <Filter>rapidjson</Filter>
    </ClInclude>
    <ClInclude Include="rapidjson\ostreamwrapper.h">
      <Filter>rapidjson</Filter>
    </ClInclude>
    <ClInclude Include="rapidjson\pointer.h">
      <Filter>rapidjson</Filter>
    </ClInclude>
    <ClInclude Include="rapidjson\prettywriter.h">
      <Filter>rapidjson</Filter>
    </ClInclude>
    <ClInclude Include="rapidjson\rapidjson.h">
      <Filter>rapidjson</Filter>
    </ClInclude>
    <ClInclude Include="rapidjson\reader.h">
      <Filter>rapidjson</Filter>
    </ClInclude>
    <ClInclude Include="rapidjson\schema.h">
      <Filter>rapidjson</Filter>
    </ClInclude>
    <ClInclude Include="rapidjson\stream.h">
      <Filter>rapidjson</Filter>
    </ClInclude>
    <ClInclude Include="rapidjson\stringbuffer.h">
      <Filter>rapidjson</Filter>
    </ClInclude>
    <ClInclude Include="rapidjson\writer.h">
      <Filter>rapidjson</Filter>
    </ClInclude>
    <ClInclude Include="tinyxml\tinyxml.h">
      <Filter>tinyxml</Filter>
    </ClInclude>
    <ClInclude Include="HtmlgetFolder.h">
      <Filter>Header Files</Filter>
    </ClInclude>
    <ClInclude Include="exif.h">
      <Filter>Header Files</Filter>
    </ClInclude>
    <ClInclude Include="Htmlexif.h">
      <Filter>Header Files</Filter>
    </ClInclude>
    <ClInclude Include="SimpleIni.h">
      <Filter>Source Files</Filter>
    </ClInclude>
    <ClInclude Include="writedb.h">
      <Filter>Header Files</Filter>
    </ClInclude>
    <ClInclude Include="HtmlgetViewer.h">
      <Filter>Header Files</Filter>
    </ClInclude>
  </ItemGroup>
  <ItemGroup>
    <ClCompile Include="stdafx.cpp">
      <Filter>Source Files</Filter>
    </ClCompile>
    <ClCompile Include="scheme.cpp">
      <Filter>Source Files</Filter>
    </ClCompile>
    <ClCompile Include="dllmain.cpp">
      <Filter>Source Files</Filter>
    </ClCompile>
    <ClCompile Include="base64-decode.cpp">
      <Filter>Source Files</Filter>
    </ClCompile>
    <ClCompile Include="basedal.cpp">
      <Filter>Source Files</Filter>
    </ClCompile>
    <ClCompile Include="Blowfish.cpp">
      <Filter>Source Files</Filter>
    </ClCompile>
    <ClCompile Include="chatdal.cpp">
      <Filter>Source Files</Filter>
    </ClCompile>
    <ClCompile Include="DataSrv.cpp">
      <Filter>Source Files</Filter>
    </ClCompile>
    <ClCompile Include="Htmlget.cpp">
      <Filter>Source Files</Filter>
    </ClCompile>
    <ClCompile Include="HtmlgetAdmin.cpp">
      <Filter>Source Files</Filter>
    </ClCompile>
    <ClCompile Include="HtmlgetAdminProc.cpp">
      <Filter>Source Files</Filter>
    </ClCompile>
    <ClCompile Include="HtmlgetBatch.cpp">
      <Filter>Source Files</Filter>
    </ClCompile>
    <ClCompile Include="HtmlgetCal.cpp">
      <Filter>Source Files</Filter>
    </ClCompile>
    <ClCompile Include="HtmlgetIndex.cpp">
      <Filter>Source Files</Filter>
    </ClCompile>
    <ClCompile Include="HtmlgetIndexAction.cpp">
      <Filter>Source Files</Filter>
    </ClCompile>
    <ClCompile Include="HtmlgetIndexProc.cpp">
      <Filter>Source Files</Filter>
    </ClCompile>
    <ClCompile Include="HtmlgetMenubar.cpp">
      <Filter>Source Files</Filter>
    </ClCompile>
    <ClCompile Include="HtmlgetPic.cpp">
      <Filter>Source Files</Filter>
    </ClCompile>
    <ClCompile Include="HtmlgetpicProc.cpp">
      <Filter>Source Files</Filter>
    </ClCompile>
    <ClCompile Include="Htmlpost.cpp">
      <Filter>Source Files</Filter>
    </ClCompile>
    <ClCompile Include="HtmlSearchProc.cpp">
      <Filter>Source Files</Filter>
    </ClCompile>
    <ClCompile Include="Htmlupload.cpp">
      <Filter>Source Files</Filter>
    </ClCompile>
    <ClCompile Include="imagedal.cpp">
      <Filter>Source Files</Filter>
    </ClCompile>
    <ClCompile Include="ImBase.cpp">
      <Filter>Source Files</Filter>
    </ClCompile>
    <ClCompile Include="imlog.cpp">
      <Filter>Source Files</Filter>
    </ClCompile>
    <ClCompile Include="lang.cpp">
      <Filter>Source Files</Filter>
    </ClCompile>
    <ClCompile Include="MySoft.cpp">
      <Filter>Source Files</Filter>
    </ClCompile>
    <ClCompile Include="unitil.cpp">
      <Filter>Source Files</Filter>
    </ClCompile>
    <ClCompile Include="uploadParser.cpp">
      <Filter>Source Files</Filter>
    </ClCompile>
    <ClCompile Include="UrlMap.cpp">
      <Filter>Source Files</Filter>
    </ClCompile>
    <ClCompile Include="tinyxml\tinyxml.cpp">
      <Filter>tinyxml</Filter>
    </ClCompile>
    <ClCompile Include="tinyxml\tinyxmlerror.cpp">
      <Filter>tinyxml</Filter>
    </ClCompile>
    <ClCompile Include="tinyxml\tinyxmlparser.cpp">
      <Filter>tinyxml</Filter>
    </ClCompile>
    <ClCompile Include="letter.cpp">
      <Filter>Source Files</Filter>
    </ClCompile>
    <ClCompile Include="HtmlgetFolder.cpp">
      <Filter>Source Files</Filter>
    </ClCompile>
    <ClCompile Include="exif.cpp">
      <Filter>Source Files</Filter>
    </ClCompile>
    <ClCompile Include="HtmlpostAdmin.cpp">
      <Filter>Source Files</Filter>
    </ClCompile>
    <ClCompile Include="chatdal2.cpp">
      <Filter>Source Files</Filter>
    </ClCompile>
    <ClCompile Include="imagedal2.cpp">
      <Filter>Source Files</Filter>
    </ClCompile>
    <ClCompile Include="Htmlexif.cpp">
      <Filter>Source Files</Filter>
    </ClCompile>
    <ClCompile Include="HtmlpostAdmin2.cpp">
      <Filter>Source Files</Filter>
    </ClCompile>
    <ClCompile Include="HtmlAdminAdd.cpp">
      <Filter>Source Files</Filter>
    </ClCompile>
    <ClCompile Include="writedb.cpp">
      <Filter>Source Files</Filter>
    </ClCompile>
    <ClCompile Include="HtmlgetViewer.cpp">
      <Filter>Source Files</Filter>
    </ClCompile>
  </ItemGroup>
  <ItemGroup>
    <ResourceCompile Include="scheme.rc">
      <Filter>Resource Files</Filter>
    </ResourceCompile>
  </ItemGroup>
</Project>