
Microsoft Visual Studio Solution File, Format Version 12.00
# Visual Studio Version 16
VisualStudioVersion = 16.0.33328.57
MinimumVisualStudioVersion = 10.0.40219.1
Project("{8BC9CEB8-8B4A-11D0-8D11-00A0C91BC942}") = "libcef_dll_wrapper", "libcef_dll_wrapper\libcef_dll_wrapper.vcxproj", "{980073CC-B552-308A-B742-4A068663474D}"
EndProject
Project("{8BC9CEB8-8B4A-11D0-8D11-00A0C91BC942}") = "photol", ".\photol\photol\photol.vcxproj", "{37BD2D1E-172C-4615-A5E9-4E64F4A30606}"
EndProject
Project("{8BC9CEB8-8B4A-11D0-8D11-00A0C91BC942}") = "paint", ".\paint\paint\paint.vcxproj", "{62702669-8825-4A00-B246-588226A9B815}"
EndProject
Project("{8BC9CEB8-8B4A-11D0-8D11-00A0C91BC942}") = "scheme", ".\scheme\scheme\scheme.vcxproj", "{2447E884-9098-49D1-B2D3-41BBB9CDDFE0}"
EndProject
Project("{8BC9CEB8-8B4A-11D0-8D11-00A0C91BC942}") = "nest2", "cefclient\nest2.vcxproj", "{3AC098BD-6D14-3610-B060-9E3450490902}"
	ProjectSection(ProjectDependencies) = postProject
		{980073CC-B552-308A-B742-4A068663474D} = {980073CC-B552-308A-B742-4A068663474D}
	EndProjectSection
EndProject
Project("{8BC9CEB8-8B4A-11D0-8D11-00A0C91BC942}") = "inscl", ".\inscl\inscl\inscl.vcxproj", "{E8B42272-86E4-45BC-BB71-072EFBA19FAE}"
EndProject
Project("{8BC9CEB8-8B4A-11D0-8D11-00A0C91BC942}") = "nest1", "cefclient\nest1.vcxproj", "{3AC098BD-6D14-3610-B060-9E3450490900}"
	ProjectSection(ProjectDependencies) = postProject
		{980073CC-B552-308A-B742-4A068663474D} = {980073CC-B552-308A-B742-4A068663474D}
	EndProjectSection
EndProject
Project("{8BC9CEB8-8B4A-11D0-8D11-00A0C91BC942}") = "templ", ".\templ\templ\templ.vcxproj", "{C2642EB0-8F7E-4F34-9535-8E008B90A7B2}"
EndProject
Project("{8BC9CEB8-8B4A-11D0-8D11-00A0C91BC942}") = "locales", ".\locales\locales\locales.vcxproj", "{C2642EB0-8F7E-4F34-9535-8E008B90A7A2}"
EndProject
Project("{C7167F0D-BC9F-4E6E-AFE1-012C56B48DB5}") = "PhotoNest", "PhotoNest\PhotoNest.wapproj", "{1C9D4B45-D813-4D8B-920B-C266333199F8}"
EndProject
Global
	GlobalSection(SolutionConfigurationPlatforms) = preSolution
		Debug|Any CPU = Debug|Any CPU
		Debug|ARM = Debug|ARM
		Debug|ARM64 = Debug|ARM64
		Debug|x64 = Debug|x64
		Release|Any CPU = Release|Any CPU
		Release|ARM = Release|ARM
		Release|ARM64 = Release|ARM64
		Release|x64 = Release|x64
		Release|x86 = Release|x86
	EndGlobalSection
	GlobalSection(ProjectConfigurationPlatforms) = postSolution
		{980073CC-B552-308A-B742-4A068663474D}.Debug|Any CPU.ActiveCfg = Release|x64
		{980073CC-B552-308A-B742-4A068663474D}.Debug|Any CPU.Build.0 = Release|x64
		{980073CC-B552-308A-B742-4A068663474D}.Debug|ARM.ActiveCfg = Release|x64
		{980073CC-B552-308A-B742-4A068663474D}.Debug|ARM.Build.0 = Release|x64
		{980073CC-B552-308A-B742-4A068663474D}.Debug|ARM64.ActiveCfg = Release|x64
		{980073CC-B552-308A-B742-4A068663474D}.Debug|ARM64.Build.0 = Release|x64
		{980073CC-B552-308A-B742-4A068663474D}.Debug|x64.ActiveCfg = Release|x64
		{980073CC-B552-308A-B742-4A068663474D}.Debug|x64.Build.0 = Release|x64
		{980073CC-B552-308A-B742-4A068663474D}.Debug|x86.ActiveCfg = Release|x64
		{980073CC-B552-308A-B742-4A068663474D}.Debug|x86.Build.0 = Release|x64
		{980073CC-B552-308A-B742-4A068663474D}.Release|Any CPU.ActiveCfg = Release|x64
		{980073CC-B552-308A-B742-4A068663474D}.Release|ARM.ActiveCfg = Release|x64
		{980073CC-B552-308A-B742-4A068663474D}.Release|ARM64.ActiveCfg = Release|x64
		{980073CC-B552-308A-B742-4A068663474D}.Release|x64.ActiveCfg = Release|x64
		{980073CC-B552-308A-B742-4A068663474D}.Release|x64.Build.0 = Release|x64
		{980073CC-B552-308A-B742-4A068663474D}.Release|x86.ActiveCfg = Release|x64
		{37BD2D1E-172C-4615-A5E9-4E64F4A30606}.Debug|Any CPU.ActiveCfg = Release|x64
		{37BD2D1E-172C-4615-A5E9-4E64F4A30606}.Debug|Any CPU.Build.0 = Release|x64
		{37BD2D1E-172C-4615-A5E9-4E64F4A30606}.Debug|ARM.ActiveCfg = Release|x64
		{37BD2D1E-172C-4615-A5E9-4E64F4A30606}.Debug|ARM.Build.0 = Release|x64
		{37BD2D1E-172C-4615-A5E9-4E64F4A30606}.Debug|ARM64.ActiveCfg = Release|x64
		{37BD2D1E-172C-4615-A5E9-4E64F4A30606}.Debug|ARM64.Build.0 = Release|x64
		{37BD2D1E-172C-4615-A5E9-4E64F4A30606}.Debug|x64.ActiveCfg = Release|x64
		{37BD2D1E-172C-4615-A5E9-4E64F4A30606}.Debug|x86.ActiveCfg = Release|x64
		{37BD2D1E-172C-4615-A5E9-4E64F4A30606}.Release|Any CPU.ActiveCfg = Release|x64
		{37BD2D1E-172C-4615-A5E9-4E64F4A30606}.Release|ARM.ActiveCfg = Release|x64
		{37BD2D1E-172C-4615-A5E9-4E64F4A30606}.Release|ARM64.ActiveCfg = Release|x64
		{37BD2D1E-172C-4615-A5E9-4E64F4A30606}.Release|x64.ActiveCfg = Release|x64
		{37BD2D1E-172C-4615-A5E9-4E64F4A30606}.Release|x64.Build.0 = Release|x64
		{37BD2D1E-172C-4615-A5E9-4E64F4A30606}.Release|x86.ActiveCfg = Release|x64
		{62702669-8825-4A00-B246-588226A9B815}.Debug|Any CPU.ActiveCfg = Debug|x64
		{62702669-8825-4A00-B246-588226A9B815}.Debug|ARM.ActiveCfg = Debug|x64
		{62702669-8825-4A00-B246-588226A9B815}.Debug|ARM64.ActiveCfg = Debug|x64
		{62702669-8825-4A00-B246-588226A9B815}.Debug|x64.ActiveCfg = Debug|x64
		{62702669-8825-4A00-B246-588226A9B815}.Debug|x86.ActiveCfg = Debug|x64
		{62702669-8825-4A00-B246-588226A9B815}.Release|Any CPU.ActiveCfg = Release|x64
		{62702669-8825-4A00-B246-588226A9B815}.Release|ARM.ActiveCfg = Release|x64
		{62702669-8825-4A00-B246-588226A9B815}.Release|ARM64.ActiveCfg = Release|x64
		{62702669-8825-4A00-B246-588226A9B815}.Release|x64.ActiveCfg = Release|x64
		{62702669-8825-4A00-B246-588226A9B815}.Release|x64.Build.0 = Release|x64
		{62702669-8825-4A00-B246-588226A9B815}.Release|x86.ActiveCfg = Release|x64
		{2447E884-9098-49D1-B2D3-41BBB9CDDFE0}.Debug|Any CPU.ActiveCfg = Release|x64
		{2447E884-9098-49D1-B2D3-41BBB9CDDFE0}.Debug|Any CPU.Build.0 = Release|x64
		{2447E884-9098-49D1-B2D3-41BBB9CDDFE0}.Debug|ARM.ActiveCfg = Release|x64
		{2447E884-9098-49D1-B2D3-41BBB9CDDFE0}.Debug|ARM.Build.0 = Release|x64
		{2447E884-9098-49D1-B2D3-41BBB9CDDFE0}.Debug|ARM64.ActiveCfg = Release|x64
		{2447E884-9098-49D1-B2D3-41BBB9CDDFE0}.Debug|ARM64.Build.0 = Release|x64
		{2447E884-9098-49D1-B2D3-41BBB9CDDFE0}.Debug|x64.ActiveCfg = Release|x64
		{2447E884-9098-49D1-B2D3-41BBB9CDDFE0}.Debug|x86.ActiveCfg = Release|x64
		{2447E884-9098-49D1-B2D3-41BBB9CDDFE0}.Release|Any CPU.ActiveCfg = Release|x64
		{2447E884-9098-49D1-B2D3-41BBB9CDDFE0}.Release|ARM.ActiveCfg = Release|x64
		{2447E884-9098-49D1-B2D3-41BBB9CDDFE0}.Release|ARM64.ActiveCfg = Release|x64
		{2447E884-9098-49D1-B2D3-41BBB9CDDFE0}.Release|x64.ActiveCfg = Release|x64
		{2447E884-9098-49D1-B2D3-41BBB9CDDFE0}.Release|x64.Build.0 = Release|x64
		{2447E884-9098-49D1-B2D3-41BBB9CDDFE0}.Release|x86.ActiveCfg = Release|x64
		{3AC098BD-6D14-3610-B060-9E3450490902}.Debug|Any CPU.ActiveCfg = Release|x64
		{3AC098BD-6D14-3610-B060-9E3450490902}.Debug|Any CPU.Build.0 = Release|x64
		{3AC098BD-6D14-3610-B060-9E3450490902}.Debug|ARM.ActiveCfg = Release|x64
		{3AC098BD-6D14-3610-B060-9E3450490902}.Debug|ARM.Build.0 = Release|x64
		{3AC098BD-6D14-3610-B060-9E3450490902}.Debug|ARM64.ActiveCfg = Release|x64
		{3AC098BD-6D14-3610-B060-9E3450490902}.Debug|ARM64.Build.0 = Release|x64
		{3AC098BD-6D14-3610-B060-9E3450490902}.Debug|x64.ActiveCfg = Release|x64
		{3AC098BD-6D14-3610-B060-9E3450490902}.Debug|x64.Build.0 = Release|x64
		{3AC098BD-6D14-3610-B060-9E3450490902}.Debug|x86.ActiveCfg = Release|x64
		{3AC098BD-6D14-3610-B060-9E3450490902}.Debug|x86.Build.0 = Release|x64
		{3AC098BD-6D14-3610-B060-9E3450490902}.Release|Any CPU.ActiveCfg = Release|x64
		{3AC098BD-6D14-3610-B060-9E3450490902}.Release|ARM.ActiveCfg = Release|x64
		{3AC098BD-6D14-3610-B060-9E3450490902}.Release|ARM64.ActiveCfg = Release|x64
		{3AC098BD-6D14-3610-B060-9E3450490902}.Release|x64.ActiveCfg = Release|x64
		{3AC098BD-6D14-3610-B060-9E3450490902}.Release|x64.Build.0 = Release|x64
		{3AC098BD-6D14-3610-B060-9E3450490902}.Release|x86.ActiveCfg = Release|x64
		{E8B42272-86E4-45BC-BB71-072EFBA19FAE}.Debug|Any CPU.ActiveCfg = Debug|x64
		{E8B42272-86E4-45BC-BB71-072EFBA19FAE}.Debug|ARM.ActiveCfg = Debug|x64
		{E8B42272-86E4-45BC-BB71-072EFBA19FAE}.Debug|ARM64.ActiveCfg = Debug|x64
		{E8B42272-86E4-45BC-BB71-072EFBA19FAE}.Debug|x64.ActiveCfg = Debug|x64
		{E8B42272-86E4-45BC-BB71-072EFBA19FAE}.Debug|x86.ActiveCfg = Debug|x64
		{E8B42272-86E4-45BC-BB71-072EFBA19FAE}.Release|Any CPU.ActiveCfg = Release|x64
		{E8B42272-86E4-45BC-BB71-072EFBA19FAE}.Release|ARM.ActiveCfg = Release|x64
		{E8B42272-86E4-45BC-BB71-072EFBA19FAE}.Release|ARM64.ActiveCfg = Release|x64
		{E8B42272-86E4-45BC-BB71-072EFBA19FAE}.Release|x64.ActiveCfg = Release|x64
		{E8B42272-86E4-45BC-BB71-072EFBA19FAE}.Release|x64.Build.0 = Release|x64
		{E8B42272-86E4-45BC-BB71-072EFBA19FAE}.Release|x86.ActiveCfg = Release|x64
		{3AC098BD-6D14-3610-B060-9E3450490900}.Debug|Any CPU.ActiveCfg = Release|x64
		{3AC098BD-6D14-3610-B060-9E3450490900}.Debug|Any CPU.Build.0 = Release|x64
		{3AC098BD-6D14-3610-B060-9E3450490900}.Debug|ARM.ActiveCfg = Release|x64
		{3AC098BD-6D14-3610-B060-9E3450490900}.Debug|ARM.Build.0 = Release|x64
		{3AC098BD-6D14-3610-B060-9E3450490900}.Debug|ARM64.ActiveCfg = Release|x64
		{3AC098BD-6D14-3610-B060-9E3450490900}.Debug|ARM64.Build.0 = Release|x64
		{3AC098BD-6D14-3610-B060-9E3450490900}.Debug|x64.ActiveCfg = Release|x64
		{3AC098BD-6D14-3610-B060-9E3450490900}.Debug|x64.Build.0 = Release|x64
		{3AC098BD-6D14-3610-B060-9E3450490900}.Debug|x86.ActiveCfg = Release|x64
		{3AC098BD-6D14-3610-B060-9E3450490900}.Debug|x86.Build.0 = Release|x64
		{3AC098BD-6D14-3610-B060-9E3450490900}.Release|Any CPU.ActiveCfg = Release|x64
		{3AC098BD-6D14-3610-B060-9E3450490900}.Release|ARM.ActiveCfg = Release|x64
		{3AC098BD-6D14-3610-B060-9E3450490900}.Release|ARM64.ActiveCfg = Release|x64
		{3AC098BD-6D14-3610-B060-9E3450490900}.Release|x64.ActiveCfg = Release|x64
		{3AC098BD-6D14-3610-B060-9E3450490900}.Release|x64.Build.0 = Release|x64
		{3AC098BD-6D14-3610-B060-9E3450490900}.Release|x86.ActiveCfg = Release|x64
		{C2642EB0-8F7E-4F34-9535-8E008B90A7B2}.Debug|Any CPU.ActiveCfg = Debug|Win32
		{C2642EB0-8F7E-4F34-9535-8E008B90A7B2}.Debug|ARM.ActiveCfg = Debug|Win32
		{C2642EB0-8F7E-4F34-9535-8E008B90A7B2}.Debug|ARM64.ActiveCfg = Debug|Win32
		{C2642EB0-8F7E-4F34-9535-8E008B90A7B2}.Debug|x64.ActiveCfg = Debug|x64
		{C2642EB0-8F7E-4F34-9535-8E008B90A7B2}.Debug|x86.ActiveCfg = Debug|Win32
		{C2642EB0-8F7E-4F34-9535-8E008B90A7B2}.Debug|x86.Build.0 = Debug|Win32
		{C2642EB0-8F7E-4F34-9535-8E008B90A7B2}.Release|Any CPU.ActiveCfg = Release|Win32
		{C2642EB0-8F7E-4F34-9535-8E008B90A7B2}.Release|ARM.ActiveCfg = Release|Win32
		{C2642EB0-8F7E-4F34-9535-8E008B90A7B2}.Release|ARM64.ActiveCfg = Release|Win32
		{C2642EB0-8F7E-4F34-9535-8E008B90A7B2}.Release|x64.ActiveCfg = Release|x64
		{C2642EB0-8F7E-4F34-9535-8E008B90A7B2}.Release|x64.Build.0 = Release|x64
		{C2642EB0-8F7E-4F34-9535-8E008B90A7B2}.Release|x86.ActiveCfg = Release|Win32
		{C2642EB0-8F7E-4F34-9535-8E008B90A7B2}.Release|x86.Build.0 = Release|Win32
		{C2642EB0-8F7E-4F34-9535-8E008B90A7A2}.Debug|Any CPU.ActiveCfg = Release|x64
		{C2642EB0-8F7E-4F34-9535-8E008B90A7A2}.Debug|Any CPU.Build.0 = Release|x64
		{C2642EB0-8F7E-4F34-9535-8E008B90A7A2}.Debug|ARM.ActiveCfg = Release|x64
		{C2642EB0-8F7E-4F34-9535-8E008B90A7A2}.Debug|ARM.Build.0 = Release|x64
		{C2642EB0-8F7E-4F34-9535-8E008B90A7A2}.Debug|ARM64.ActiveCfg = Release|x64
		{C2642EB0-8F7E-4F34-9535-8E008B90A7A2}.Debug|ARM64.Build.0 = Release|x64
		{C2642EB0-8F7E-4F34-9535-8E008B90A7A2}.Debug|x64.ActiveCfg = Release|x64
		{C2642EB0-8F7E-4F34-9535-8E008B90A7A2}.Debug|x64.Build.0 = Release|x64
		{C2642EB0-8F7E-4F34-9535-8E008B90A7A2}.Debug|x86.ActiveCfg = Release|x64
		{C2642EB0-8F7E-4F34-9535-8E008B90A7A2}.Debug|x86.Build.0 = Release|x64
		{C2642EB0-8F7E-4F34-9535-8E008B90A7A2}.Release|Any CPU.ActiveCfg = Release|x64
		{C2642EB0-8F7E-4F34-9535-8E008B90A7A2}.Release|ARM.ActiveCfg = Release|x64
		{C2642EB0-8F7E-4F34-9535-8E008B90A7A2}.Release|ARM64.ActiveCfg = Release|x64
		{C2642EB0-8F7E-4F34-9535-8E008B90A7A2}.Release|x64.ActiveCfg = Release|x64
		{C2642EB0-8F7E-4F34-9535-8E008B90A7A2}.Release|x64.Build.0 = Release|x64
		{C2642EB0-8F7E-4F34-9535-8E008B90A7A2}.Release|x86.ActiveCfg = Release|x64
		{1C9D4B45-D813-4D8B-920B-C266333199F8}.Debug|Any CPU.ActiveCfg = Debug|Any CPU
		{1C9D4B45-D813-4D8B-920B-C266333199F8}.Debug|Any CPU.Build.0 = Debug|Any CPU
		{1C9D4B45-D813-4D8B-920B-C266333199F8}.Debug|Any CPU.Deploy.0 = Debug|Any CPU
		{1C9D4B45-D813-4D8B-920B-C266333199F8}.Debug|ARM.ActiveCfg = Debug|ARM
		{1C9D4B45-D813-4D8B-920B-C266333199F8}.Debug|ARM.Build.0 = Debug|ARM
		{1C9D4B45-D813-4D8B-920B-C266333199F8}.Debug|ARM.Deploy.0 = Debug|ARM
		{1C9D4B45-D813-4D8B-920B-C266333199F8}.Debug|ARM64.ActiveCfg = Debug|ARM64
		{1C9D4B45-D813-4D8B-920B-C266333199F8}.Debug|ARM64.Build.0 = Debug|ARM64
		{1C9D4B45-D813-4D8B-920B-C266333199F8}.Debug|ARM64.Deploy.0 = Debug|ARM64
		{1C9D4B45-D813-4D8B-920B-C266333199F8}.Debug|x64.ActiveCfg = Debug|x64
		{1C9D4B45-D813-4D8B-920B-C266333199F8}.Debug|x64.Build.0 = Debug|x64
		{1C9D4B45-D813-4D8B-920B-C266333199F8}.Debug|x64.Deploy.0 = Debug|x64
		{1C9D4B45-D813-4D8B-920B-C266333199F8}.Debug|x86.ActiveCfg = Debug|x86
		{1C9D4B45-D813-4D8B-920B-C266333199F8}.Debug|x86.Build.0 = Debug|x86
		{1C9D4B45-D813-4D8B-920B-C266333199F8}.Debug|x86.Deploy.0 = Debug|x86
		{1C9D4B45-D813-4D8B-920B-C266333199F8}.Release|Any CPU.ActiveCfg = Release|Any CPU
		{1C9D4B45-D813-4D8B-920B-C266333199F8}.Release|Any CPU.Build.0 = Release|Any CPU
		{1C9D4B45-D813-4D8B-920B-C266333199F8}.Release|Any CPU.Deploy.0 = Release|Any CPU
		{1C9D4B45-D813-4D8B-920B-C266333199F8}.Release|ARM.ActiveCfg = Release|ARM
		{1C9D4B45-D813-4D8B-920B-C266333199F8}.Release|ARM.Build.0 = Release|ARM
		{1C9D4B45-D813-4D8B-920B-C266333199F8}.Release|ARM.Deploy.0 = Release|ARM
		{1C9D4B45-D813-4D8B-920B-C266333199F8}.Release|ARM64.ActiveCfg = Release|ARM64
		{1C9D4B45-D813-4D8B-920B-C266333199F8}.Release|ARM64.Build.0 = Release|ARM64
		{1C9D4B45-D813-4D8B-920B-C266333199F8}.Release|ARM64.Deploy.0 = Release|ARM64
		{1C9D4B45-D813-4D8B-920B-C266333199F8}.Release|x64.ActiveCfg = Release|x64
		{1C9D4B45-D813-4D8B-920B-C266333199F8}.Release|x64.Build.0 = Release|x64
		{1C9D4B45-D813-4D8B-920B-C266333199F8}.Release|x64.Deploy.0 = Release|x64
		{1C9D4B45-D813-4D8B-920B-C266333199F8}.Release|x86.ActiveCfg = Release|x86
		{1C9D4B45-D813-4D8B-920B-C266333199F8}.Release|x86.Build.0 = Release|x86
		{1C9D4B45-D813-4D8B-920B-C266333199F8}.Release|x86.Deploy.0 = Release|x86
	EndGlobalSection
	GlobalSection(SolutionProperties) = preSolution
		HideSolutionNode = FALSE
	EndGlobalSection
	GlobalSection(ExtensibilityGlobals) = postSolution
		SolutionGuid = {6AC5BBE2-BAC3-3BBC-B06E-FC0F45CD56CD}
	EndGlobalSection
EndGlobal
