
Microsoft Visual Studio Solution File, Format Version 12.00
# Visual Studio Version 16
VisualStudioVersion = 16.0.33328.57
MinimumVisualStudioVersion = 10.0.40219.1
Project("{8BC9CEB8-8B4A-11D0-8D11-00A0C91BC942}") = "ins", "ins\ins.vcxproj", "{9EEC7ECD-C4D3-3CA6-263D-DDD291EA5CA3}"
EndProject
Global
	GlobalSection(SolutionConfigurationPlatforms) = preSolution
		Release|x86 = Release|x86
	EndGlobalSection
	GlobalSection(ProjectConfigurationPlatforms) = postSolution
		{9EEC7ECD-C4D3-3CA6-263D-DDD291EA5CA3}.Release|x86.ActiveCfg = Release|Win32
		{9EEC7ECD-C4D3-3CA6-263D-DDD291EA5CA3}.Release|x86.Build.0 = Release|Win32
	EndGlobalSection
	GlobalSection(SolutionProperties) = preSolution
		HideSolutionNode = FALSE
	EndGlobalSection
	GlobalSection(ExtensibilityGlobals) = postSolution
		SolutionGuid = {B65C0CCC-1F95-478E-B3AA-01CF38D214DD}
	EndGlobalSection
EndGlobal
