<?xml version="1.0" encoding="utf-8"?>
<Project ToolsVersion="16.0" xmlns="http://schemas.microsoft.com/developer/msbuild/2003">
  <ItemGroup>
    <ClCompile Include="E:\voy\102\third\libarchive-master\test_utils\test_utils.c">
      <Filter>Source Files</Filter>
    </ClCompile>
    <ClCompile Include="E:\voy\102\third\libarchive-master\test_utils\test_main.c">
      <Filter>Source Files</Filter>
    </ClCompile>
    <ClCompile Include="E:\voy\102\third\libarchive-master\cat\test\test_0.c">
      <Filter>Source Files</Filter>
    </ClCompile>
    <ClCompile Include="E:\voy\102\third\libarchive-master\cat\test\test_empty_gz.c">
      <Filter>Source Files</Filter>
    </ClCompile>
    <ClCompile Include="E:\voy\102\third\libarchive-master\cat\test\test_empty_lz4.c">
      <Filter>Source Files</Filter>
    </ClCompile>
    <ClCompile Include="E:\voy\102\third\libarchive-master\cat\test\test_empty_xz.c">
      <Filter>Source Files</Filter>
    </ClCompile>
    <ClCompile Include="E:\voy\102\third\libarchive-master\cat\test\test_empty_zstd.c">
      <Filter>Source Files</Filter>
    </ClCompile>
    <ClCompile Include="E:\voy\102\third\libarchive-master\cat\test\test_error.c">
      <Filter>Source Files</Filter>
    </ClCompile>
    <ClCompile Include="E:\voy\102\third\libarchive-master\cat\test\test_error_mixed.c">
      <Filter>Source Files</Filter>
    </ClCompile>
    <ClCompile Include="E:\voy\102\third\libarchive-master\cat\test\test_expand_Z.c">
      <Filter>Source Files</Filter>
    </ClCompile>
    <ClCompile Include="E:\voy\102\third\libarchive-master\cat\test\test_expand_bz2.c">
      <Filter>Source Files</Filter>
    </ClCompile>
    <ClCompile Include="E:\voy\102\third\libarchive-master\cat\test\test_expand_gz.c">
      <Filter>Source Files</Filter>
    </ClCompile>
    <ClCompile Include="E:\voy\102\third\libarchive-master\cat\test\test_expand_lz4.c">
      <Filter>Source Files</Filter>
    </ClCompile>
    <ClCompile Include="E:\voy\102\third\libarchive-master\cat\test\test_expand_mixed.c">
      <Filter>Source Files</Filter>
    </ClCompile>
    <ClCompile Include="E:\voy\102\third\libarchive-master\cat\test\test_expand_plain.c">
      <Filter>Source Files</Filter>
    </ClCompile>
    <ClCompile Include="E:\voy\102\third\libarchive-master\cat\test\test_expand_xz.c">
      <Filter>Source Files</Filter>
    </ClCompile>
    <ClCompile Include="E:\voy\102\third\libarchive-master\cat\test\test_expand_zstd.c">
      <Filter>Source Files</Filter>
    </ClCompile>
    <ClCompile Include="E:\voy\102\third\libarchive-master\cat\test\test_help.c">
      <Filter>Source Files</Filter>
    </ClCompile>
    <ClCompile Include="E:\voy\102\third\libarchive-master\cat\test\test_stdin.c">
      <Filter>Source Files</Filter>
    </ClCompile>
    <ClCompile Include="E:\voy\102\third\libarchive-master\cat\test\test_version.c">
      <Filter>Source Files</Filter>
    </ClCompile>
  </ItemGroup>
  <ItemGroup>
    <ClInclude Include="E:\voy\102\third\libarchive-master\cat\test\test.h">
      <Filter>Header Files</Filter>
    </ClInclude>
  </ItemGroup>
  <ItemGroup>
    <CustomBuild Include="E:\voy\102\third\libarchive-master\cat\test\CMakeLists.txt" />
  </ItemGroup>
  <ItemGroup>
    <Filter Include="Header Files">
      <UniqueIdentifier>{D86D6FAB-2146-3F81-BA72-12A68C04169D}</UniqueIdentifier>
    </Filter>
    <Filter Include="Source Files">
      <UniqueIdentifier>{4A495EBA-DFAE-3E88-AEBE-BB0BBC9B266A}</UniqueIdentifier>
    </Filter>
  </ItemGroup>
</Project>
