<?xml version="1.0" encoding="utf-8"?>
<Project ToolsVersion="16.0" xmlns="http://schemas.microsoft.com/developer/msbuild/2003">
  <ItemGroup>
    <ClCompile Include="E:\voy\102\third\libarchive-master\tar\bsdtar.c">
      <Filter>Source Files</Filter>
    </ClCompile>
    <ClCompile Include="E:\voy\102\third\libarchive-master\tar\cmdline.c">
      <Filter>Source Files</Filter>
    </ClCompile>
    <ClCompile Include="E:\voy\102\third\libarchive-master\tar\creation_set.c">
      <Filter>Source Files</Filter>
    </ClCompile>
    <ClCompile Include="E:\voy\102\third\libarchive-master\tar\read.c">
      <Filter>Source Files</Filter>
    </ClCompile>
    <ClCompile Include="E:\voy\102\third\libarchive-master\tar\subst.c">
      <Filter>Source Files</Filter>
    </ClCompile>
    <ClCompile Include="E:\voy\102\third\libarchive-master\tar\util.c">
      <Filter>Source Files</Filter>
    </ClCompile>
    <ClCompile Include="E:\voy\102\third\libarchive-master\tar\write.c">
      <Filter>Source Files</Filter>
    </ClCompile>
    <ClCompile Include="E:\voy\102\third\libarchive-master\libarchive_fe\err.c">
      <Filter>Source Files</Filter>
    </ClCompile>
    <ClCompile Include="E:\voy\102\third\libarchive-master\libarchive_fe\line_reader.c">
      <Filter>Source Files</Filter>
    </ClCompile>
    <ClCompile Include="E:\voy\102\third\libarchive-master\libarchive_fe\passphrase.c">
      <Filter>Source Files</Filter>
    </ClCompile>
    <ClCompile Include="E:\voy\102\third\libarchive-master\tar\bsdtar_windows.c">
      <Filter>Source Files</Filter>
    </ClCompile>
  </ItemGroup>
  <ItemGroup>
    <ClInclude Include="E:\voy\102\third\libarchive-master\tar\bsdtar.h">
      <Filter>Header Files</Filter>
    </ClInclude>
    <ClInclude Include="E:\voy\102\third\libarchive-master\tar\bsdtar_platform.h">
      <Filter>Header Files</Filter>
    </ClInclude>
    <ClInclude Include="E:\voy\102\third\libarchive-master\libarchive_fe\err.h">
      <Filter>Header Files</Filter>
    </ClInclude>
    <ClInclude Include="E:\voy\102\third\libarchive-master\libarchive_fe\lafe_platform.h">
      <Filter>Header Files</Filter>
    </ClInclude>
    <ClInclude Include="E:\voy\102\third\libarchive-master\libarchive_fe\line_reader.h">
      <Filter>Header Files</Filter>
    </ClInclude>
    <ClInclude Include="E:\voy\102\third\libarchive-master\libarchive_fe\passphrase.h">
      <Filter>Header Files</Filter>
    </ClInclude>
    <ClInclude Include="E:\voy\102\third\libarchive-master\tar\bsdtar_windows.h">
      <Filter>Header Files</Filter>
    </ClInclude>
  </ItemGroup>
  <ItemGroup>
    <CustomBuild Include="E:\voy\102\third\libarchive-master\tar\CMakeLists.txt" />
  </ItemGroup>
  <ItemGroup>
    <Filter Include="Header Files">
      <UniqueIdentifier>{D86D6FAB-2146-3F81-BA72-12A68C04169D}</UniqueIdentifier>
    </Filter>
    <Filter Include="Source Files">
      <UniqueIdentifier>{4A495EBA-DFAE-3E88-AEBE-BB0BBC9B266A}</UniqueIdentifier>
    </Filter>
  </ItemGroup>
</Project>
