<?xml version="1.0" encoding="utf-8"?>
<Project ToolsVersion="16.0" xmlns="http://schemas.microsoft.com/developer/msbuild/2003">
  <ItemGroup>
    <ClCompile Include="E:\voy\102\third\libarchive-master\cat\bsdcat.c">
      <Filter>Source Files</Filter>
    </ClCompile>
    <ClCompile Include="E:\voy\102\third\libarchive-master\cat\cmdline.c">
      <Filter>Source Files</Filter>
    </ClCompile>
    <ClCompile Include="E:\voy\102\third\libarchive-master\libarchive_fe\err.c">
      <Filter>Source Files</Filter>
    </ClCompile>
  </ItemGroup>
  <ItemGroup>
    <ClInclude Include="E:\voy\102\third\libarchive-master\cat\bsdcat.h">
      <Filter>Header Files</Filter>
    </ClInclude>
    <ClInclude Include="E:\voy\102\third\libarchive-master\cat\bsdcat_platform.h">
      <Filter>Header Files</Filter>
    </ClInclude>
    <ClInclude Include="E:\voy\102\third\libarchive-master\libarchive_fe\err.h">
      <Filter>Header Files</Filter>
    </ClInclude>
    <ClInclude Include="E:\voy\102\third\libarchive-master\libarchive_fe\lafe_platform.h">
      <Filter>Header Files</Filter>
    </ClInclude>
  </ItemGroup>
  <ItemGroup>
    <CustomBuild Include="E:\voy\102\third\libarchive-master\cat\CMakeLists.txt" />
  </ItemGroup>
  <ItemGroup>
    <Filter Include="Header Files">
      <UniqueIdentifier>{D86D6FAB-2146-3F81-BA72-12A68C04169D}</UniqueIdentifier>
    </Filter>
    <Filter Include="Source Files">
      <UniqueIdentifier>{4A495EBA-DFAE-3E88-AEBE-BB0BBC9B266A}</UniqueIdentifier>
    </Filter>
  </ItemGroup>
</Project>
