<?xml version="1.0" encoding="utf-8"?>
<Project ToolsVersion="16.0" xmlns="http://schemas.microsoft.com/developer/msbuild/2003">
  <ItemGroup>
    <CustomBuild Include="E:\voy\102\third\libarchive-master\build_vs2019_x64\CMakeFiles\05e0c71289a12d3db2aed1ab80e39fdd\run_bsdcat_test.rule">
      <Filter>CMake Rules</Filter>
    </CustomBuild>
    <CustomBuild Include="E:\voy\102\third\libarchive-master\cat\test\CMakeLists.txt" />
  </ItemGroup>
  <ItemGroup>
    <None Include="E:\voy\102\third\libarchive-master\build_vs2019_x64\cat\test\CMakeFiles\run_bsdcat_test" />
  </ItemGroup>
  <ItemGroup>
    <Filter Include="CMake Rules">
      <UniqueIdentifier>{335386AA-9FB8-3F3A-8DBF-197CB813AFE4}</UniqueIdentifier>
    </Filter>
  </ItemGroup>
</Project>
