
Microsoft Visual Studio Solution File, Format Version 12.00
# Visual Studio Version 16
Project("{8BC9CEB8-8B4A-11D0-8D11-00A0C91BC942}") = "ALL_BUILD", "ALL_BUILD.vcxproj", "{DB521EE1-31F3-3410-BDEC-4580B680339A}"
	ProjectSection(ProjectDependencies) = postProject
		{148CCB4F-AB3D-37C6-9C76-66D2F8FF1499} = {148CCB4F-AB3D-37C6-9C76-66D2F8FF1499}
		{6EB5B332-B855-3ADE-BBD3-18905EE5C8B0} = {6EB5B332-B855-3ADE-BBD3-18905EE5C8B0}
		{88F43787-4328-3315-9F9D-FF25545388D5} = {88F43787-4328-3315-9F9D-FF25545388D5}
		{71C1A125-1ACA-3FFF-9959-32FBD30EE0AF} = {71C1A125-1ACA-3FFF-9959-32FBD30EE0AF}
		{3181C6FC-DEA9-33F6-8D78-1EE7DB125033} = {3181C6FC-DEA9-33F6-8D78-1EE7DB125033}
		{4D903C18-6F04-326E-8A5F-06D3344ECC55} = {4D903C18-6F04-326E-8A5F-06D3344ECC55}
		{CEEC011A-FAA1-33DA-AA42-0906C7BD677B} = {CEEC011A-FAA1-33DA-AA42-0906C7BD677B}
		{469662FC-B9F7-3C9E-98AA-23AFF1485D4B} = {469662FC-B9F7-3C9E-98AA-23AFF1485D4B}
		{3FB4526E-1CB5-393C-9CFC-509C534CF305} = {3FB4526E-1CB5-393C-9CFC-509C534CF305}
	EndProjectSection
EndProject
Project("{8BC9CEB8-8B4A-11D0-8D11-00A0C91BC942}") = "INSTALL", "INSTALL.vcxproj", "{7BC2A55C-50B5-370D-9482-AB326882C4D0}"
	ProjectSection(ProjectDependencies) = postProject
		{DB521EE1-31F3-3410-BDEC-4580B680339A} = {DB521EE1-31F3-3410-BDEC-4580B680339A}
	EndProjectSection
EndProject
Project("{8BC9CEB8-8B4A-11D0-8D11-00A0C91BC942}") = "RUN_TESTS", "RUN_TESTS.vcxproj", "{90964F10-A787-33D2-AE65-7B5CD520787A}"
	ProjectSection(ProjectDependencies) = postProject
	EndProjectSection
EndProject
Project("{8BC9CEB8-8B4A-11D0-8D11-00A0C91BC942}") = "archive", "libarchive\archive.vcxproj", "{148CCB4F-AB3D-37C6-9C76-66D2F8FF1499}"
	ProjectSection(ProjectDependencies) = postProject
	EndProjectSection
EndProject
Project("{8BC9CEB8-8B4A-11D0-8D11-00A0C91BC942}") = "archive_static", "libarchive\archive_static.vcxproj", "{6EB5B332-B855-3ADE-BBD3-18905EE5C8B0}"
	ProjectSection(ProjectDependencies) = postProject
	EndProjectSection
EndProject
Project("{8BC9CEB8-8B4A-11D0-8D11-00A0C91BC942}") = "bsdcat", "cat\bsdcat.vcxproj", "{88F43787-4328-3315-9F9D-FF25545388D5}"
	ProjectSection(ProjectDependencies) = postProject
		{6EB5B332-B855-3ADE-BBD3-18905EE5C8B0} = {6EB5B332-B855-3ADE-BBD3-18905EE5C8B0}
	EndProjectSection
EndProject
Project("{8BC9CEB8-8B4A-11D0-8D11-00A0C91BC942}") = "bsdcat_test", "cat\test\bsdcat_test.vcxproj", "{71C1A125-1ACA-3FFF-9959-32FBD30EE0AF}"
	ProjectSection(ProjectDependencies) = postProject
	EndProjectSection
EndProject
Project("{8BC9CEB8-8B4A-11D0-8D11-00A0C91BC942}") = "bsdcpio", "cpio\bsdcpio.vcxproj", "{3181C6FC-DEA9-33F6-8D78-1EE7DB125033}"
	ProjectSection(ProjectDependencies) = postProject
		{6EB5B332-B855-3ADE-BBD3-18905EE5C8B0} = {6EB5B332-B855-3ADE-BBD3-18905EE5C8B0}
	EndProjectSection
EndProject
Project("{8BC9CEB8-8B4A-11D0-8D11-00A0C91BC942}") = "bsdcpio_test", "cpio\test\bsdcpio_test.vcxproj", "{4D903C18-6F04-326E-8A5F-06D3344ECC55}"
	ProjectSection(ProjectDependencies) = postProject
	EndProjectSection
EndProject
Project("{8BC9CEB8-8B4A-11D0-8D11-00A0C91BC942}") = "bsdtar", "tar\bsdtar.vcxproj", "{CEEC011A-FAA1-33DA-AA42-0906C7BD677B}"
	ProjectSection(ProjectDependencies) = postProject
		{6EB5B332-B855-3ADE-BBD3-18905EE5C8B0} = {6EB5B332-B855-3ADE-BBD3-18905EE5C8B0}
	EndProjectSection
EndProject
Project("{8BC9CEB8-8B4A-11D0-8D11-00A0C91BC942}") = "bsdtar_test", "tar\test\bsdtar_test.vcxproj", "{469662FC-B9F7-3C9E-98AA-23AFF1485D4B}"
	ProjectSection(ProjectDependencies) = postProject
	EndProjectSection
EndProject
Project("{8BC9CEB8-8B4A-11D0-8D11-00A0C91BC942}") = "libarchive_test", "libarchive\test\libarchive_test.vcxproj", "{3FB4526E-1CB5-393C-9CFC-509C534CF305}"
	ProjectSection(ProjectDependencies) = postProject
		{6EB5B332-B855-3ADE-BBD3-18905EE5C8B0} = {6EB5B332-B855-3ADE-BBD3-18905EE5C8B0}
	EndProjectSection
EndProject
Project("{8BC9CEB8-8B4A-11D0-8D11-00A0C91BC942}") = "run_all_tests", "run_all_tests.vcxproj", "{60A79414-9F4E-30A6-BD7E-12631ADD280E}"
	ProjectSection(ProjectDependencies) = postProject
		{CC41BB7D-C502-346B-9842-D1B848FE4542} = {CC41BB7D-C502-346B-9842-D1B848FE4542}
		{91AE7FC6-E597-3B83-AA3B-E38AD19EAD92} = {91AE7FC6-E597-3B83-AA3B-E38AD19EAD92}
		{5B1C784F-5665-3132-9EA7-710E2256DBCF} = {5B1C784F-5665-3132-9EA7-710E2256DBCF}
		{663E1229-C1DA-397D-8958-3AADFF96707E} = {663E1229-C1DA-397D-8958-3AADFF96707E}
	EndProjectSection
EndProject
Project("{8BC9CEB8-8B4A-11D0-8D11-00A0C91BC942}") = "run_bsdcat_test", "cat\test\run_bsdcat_test.vcxproj", "{CC41BB7D-C502-346B-9842-D1B848FE4542}"
	ProjectSection(ProjectDependencies) = postProject
		{88F43787-4328-3315-9F9D-FF25545388D5} = {88F43787-4328-3315-9F9D-FF25545388D5}
		{71C1A125-1ACA-3FFF-9959-32FBD30EE0AF} = {71C1A125-1ACA-3FFF-9959-32FBD30EE0AF}
	EndProjectSection
EndProject
Project("{8BC9CEB8-8B4A-11D0-8D11-00A0C91BC942}") = "run_bsdcpio_test", "cpio\test\run_bsdcpio_test.vcxproj", "{91AE7FC6-E597-3B83-AA3B-E38AD19EAD92}"
	ProjectSection(ProjectDependencies) = postProject
		{3181C6FC-DEA9-33F6-8D78-1EE7DB125033} = {3181C6FC-DEA9-33F6-8D78-1EE7DB125033}
		{4D903C18-6F04-326E-8A5F-06D3344ECC55} = {4D903C18-6F04-326E-8A5F-06D3344ECC55}
	EndProjectSection
EndProject
Project("{8BC9CEB8-8B4A-11D0-8D11-00A0C91BC942}") = "run_bsdtar_test", "tar\test\run_bsdtar_test.vcxproj", "{5B1C784F-5665-3132-9EA7-710E2256DBCF}"
	ProjectSection(ProjectDependencies) = postProject
		{CEEC011A-FAA1-33DA-AA42-0906C7BD677B} = {CEEC011A-FAA1-33DA-AA42-0906C7BD677B}
		{469662FC-B9F7-3C9E-98AA-23AFF1485D4B} = {469662FC-B9F7-3C9E-98AA-23AFF1485D4B}
	EndProjectSection
EndProject
Project("{8BC9CEB8-8B4A-11D0-8D11-00A0C91BC942}") = "run_libarchive_test", "libarchive\test\run_libarchive_test.vcxproj", "{663E1229-C1DA-397D-8958-3AADFF96707E}"
	ProjectSection(ProjectDependencies) = postProject
		{3FB4526E-1CB5-393C-9CFC-509C534CF305} = {3FB4526E-1CB5-393C-9CFC-509C534CF305}
	EndProjectSection
EndProject
Global
	GlobalSection(SolutionConfigurationPlatforms) = preSolution
		Debug|x64 = Debug|x64
		Release|x64 = Release|x64
		MinSizeRel|x64 = MinSizeRel|x64
		RelWithDebInfo|x64 = RelWithDebInfo|x64
	EndGlobalSection
	GlobalSection(ProjectConfigurationPlatforms) = postSolution
		{DB521EE1-31F3-3410-BDEC-4580B680339A}.Debug|x64.ActiveCfg = Debug|x64
		{DB521EE1-31F3-3410-BDEC-4580B680339A}.Debug|x64.Build.0 = Debug|x64
		{DB521EE1-31F3-3410-BDEC-4580B680339A}.Release|x64.ActiveCfg = Release|x64
		{DB521EE1-31F3-3410-BDEC-4580B680339A}.Release|x64.Build.0 = Release|x64
		{DB521EE1-31F3-3410-BDEC-4580B680339A}.MinSizeRel|x64.ActiveCfg = MinSizeRel|x64
		{DB521EE1-31F3-3410-BDEC-4580B680339A}.MinSizeRel|x64.Build.0 = MinSizeRel|x64
		{DB521EE1-31F3-3410-BDEC-4580B680339A}.RelWithDebInfo|x64.ActiveCfg = RelWithDebInfo|x64
		{DB521EE1-31F3-3410-BDEC-4580B680339A}.RelWithDebInfo|x64.Build.0 = RelWithDebInfo|x64
		{7BC2A55C-50B5-370D-9482-AB326882C4D0}.Debug|x64.ActiveCfg = Debug|x64
		{7BC2A55C-50B5-370D-9482-AB326882C4D0}.Release|x64.ActiveCfg = Release|x64
		{7BC2A55C-50B5-370D-9482-AB326882C4D0}.MinSizeRel|x64.ActiveCfg = MinSizeRel|x64
		{7BC2A55C-50B5-370D-9482-AB326882C4D0}.RelWithDebInfo|x64.ActiveCfg = RelWithDebInfo|x64
		{90964F10-A787-33D2-AE65-7B5CD520787A}.Debug|x64.ActiveCfg = Debug|x64
		{90964F10-A787-33D2-AE65-7B5CD520787A}.Release|x64.ActiveCfg = Release|x64
		{90964F10-A787-33D2-AE65-7B5CD520787A}.MinSizeRel|x64.ActiveCfg = MinSizeRel|x64
		{90964F10-A787-33D2-AE65-7B5CD520787A}.RelWithDebInfo|x64.ActiveCfg = RelWithDebInfo|x64
		{148CCB4F-AB3D-37C6-9C76-66D2F8FF1499}.Debug|x64.ActiveCfg = Debug|x64
		{148CCB4F-AB3D-37C6-9C76-66D2F8FF1499}.Debug|x64.Build.0 = Debug|x64
		{148CCB4F-AB3D-37C6-9C76-66D2F8FF1499}.Release|x64.ActiveCfg = Release|x64
		{148CCB4F-AB3D-37C6-9C76-66D2F8FF1499}.Release|x64.Build.0 = Release|x64
		{148CCB4F-AB3D-37C6-9C76-66D2F8FF1499}.MinSizeRel|x64.ActiveCfg = MinSizeRel|x64
		{148CCB4F-AB3D-37C6-9C76-66D2F8FF1499}.MinSizeRel|x64.Build.0 = MinSizeRel|x64
		{148CCB4F-AB3D-37C6-9C76-66D2F8FF1499}.RelWithDebInfo|x64.ActiveCfg = RelWithDebInfo|x64
		{148CCB4F-AB3D-37C6-9C76-66D2F8FF1499}.RelWithDebInfo|x64.Build.0 = RelWithDebInfo|x64
		{6EB5B332-B855-3ADE-BBD3-18905EE5C8B0}.Debug|x64.ActiveCfg = Debug|x64
		{6EB5B332-B855-3ADE-BBD3-18905EE5C8B0}.Debug|x64.Build.0 = Debug|x64
		{6EB5B332-B855-3ADE-BBD3-18905EE5C8B0}.Release|x64.ActiveCfg = Release|x64
		{6EB5B332-B855-3ADE-BBD3-18905EE5C8B0}.Release|x64.Build.0 = Release|x64
		{6EB5B332-B855-3ADE-BBD3-18905EE5C8B0}.MinSizeRel|x64.ActiveCfg = MinSizeRel|x64
		{6EB5B332-B855-3ADE-BBD3-18905EE5C8B0}.MinSizeRel|x64.Build.0 = MinSizeRel|x64
		{6EB5B332-B855-3ADE-BBD3-18905EE5C8B0}.RelWithDebInfo|x64.ActiveCfg = RelWithDebInfo|x64
		{6EB5B332-B855-3ADE-BBD3-18905EE5C8B0}.RelWithDebInfo|x64.Build.0 = RelWithDebInfo|x64
		{88F43787-4328-3315-9F9D-FF25545388D5}.Debug|x64.ActiveCfg = Debug|x64
		{88F43787-4328-3315-9F9D-FF25545388D5}.Debug|x64.Build.0 = Debug|x64
		{88F43787-4328-3315-9F9D-FF25545388D5}.Release|x64.ActiveCfg = Release|x64
		{88F43787-4328-3315-9F9D-FF25545388D5}.Release|x64.Build.0 = Release|x64
		{88F43787-4328-3315-9F9D-FF25545388D5}.MinSizeRel|x64.ActiveCfg = MinSizeRel|x64
		{88F43787-4328-3315-9F9D-FF25545388D5}.MinSizeRel|x64.Build.0 = MinSizeRel|x64
		{88F43787-4328-3315-9F9D-FF25545388D5}.RelWithDebInfo|x64.ActiveCfg = RelWithDebInfo|x64
		{88F43787-4328-3315-9F9D-FF25545388D5}.RelWithDebInfo|x64.Build.0 = RelWithDebInfo|x64
		{71C1A125-1ACA-3FFF-9959-32FBD30EE0AF}.Debug|x64.ActiveCfg = Debug|x64
		{71C1A125-1ACA-3FFF-9959-32FBD30EE0AF}.Debug|x64.Build.0 = Debug|x64
		{71C1A125-1ACA-3FFF-9959-32FBD30EE0AF}.Release|x64.ActiveCfg = Release|x64
		{71C1A125-1ACA-3FFF-9959-32FBD30EE0AF}.Release|x64.Build.0 = Release|x64
		{71C1A125-1ACA-3FFF-9959-32FBD30EE0AF}.MinSizeRel|x64.ActiveCfg = MinSizeRel|x64
		{71C1A125-1ACA-3FFF-9959-32FBD30EE0AF}.MinSizeRel|x64.Build.0 = MinSizeRel|x64
		{71C1A125-1ACA-3FFF-9959-32FBD30EE0AF}.RelWithDebInfo|x64.ActiveCfg = RelWithDebInfo|x64
		{71C1A125-1ACA-3FFF-9959-32FBD30EE0AF}.RelWithDebInfo|x64.Build.0 = RelWithDebInfo|x64
		{3181C6FC-DEA9-33F6-8D78-1EE7DB125033}.Debug|x64.ActiveCfg = Debug|x64
		{3181C6FC-DEA9-33F6-8D78-1EE7DB125033}.Debug|x64.Build.0 = Debug|x64
		{3181C6FC-DEA9-33F6-8D78-1EE7DB125033}.Release|x64.ActiveCfg = Release|x64
		{3181C6FC-DEA9-33F6-8D78-1EE7DB125033}.Release|x64.Build.0 = Release|x64
		{3181C6FC-DEA9-33F6-8D78-1EE7DB125033}.MinSizeRel|x64.ActiveCfg = MinSizeRel|x64
		{3181C6FC-DEA9-33F6-8D78-1EE7DB125033}.MinSizeRel|x64.Build.0 = MinSizeRel|x64
		{3181C6FC-DEA9-33F6-8D78-1EE7DB125033}.RelWithDebInfo|x64.ActiveCfg = RelWithDebInfo|x64
		{3181C6FC-DEA9-33F6-8D78-1EE7DB125033}.RelWithDebInfo|x64.Build.0 = RelWithDebInfo|x64
		{4D903C18-6F04-326E-8A5F-06D3344ECC55}.Debug|x64.ActiveCfg = Debug|x64
		{4D903C18-6F04-326E-8A5F-06D3344ECC55}.Debug|x64.Build.0 = Debug|x64
		{4D903C18-6F04-326E-8A5F-06D3344ECC55}.Release|x64.ActiveCfg = Release|x64
		{4D903C18-6F04-326E-8A5F-06D3344ECC55}.Release|x64.Build.0 = Release|x64
		{4D903C18-6F04-326E-8A5F-06D3344ECC55}.MinSizeRel|x64.ActiveCfg = MinSizeRel|x64
		{4D903C18-6F04-326E-8A5F-06D3344ECC55}.MinSizeRel|x64.Build.0 = MinSizeRel|x64
		{4D903C18-6F04-326E-8A5F-06D3344ECC55}.RelWithDebInfo|x64.ActiveCfg = RelWithDebInfo|x64
		{4D903C18-6F04-326E-8A5F-06D3344ECC55}.RelWithDebInfo|x64.Build.0 = RelWithDebInfo|x64
		{CEEC011A-FAA1-33DA-AA42-0906C7BD677B}.Debug|x64.ActiveCfg = Debug|x64
		{CEEC011A-FAA1-33DA-AA42-0906C7BD677B}.Debug|x64.Build.0 = Debug|x64
		{CEEC011A-FAA1-33DA-AA42-0906C7BD677B}.Release|x64.ActiveCfg = Release|x64
		{CEEC011A-FAA1-33DA-AA42-0906C7BD677B}.Release|x64.Build.0 = Release|x64
		{CEEC011A-FAA1-33DA-AA42-0906C7BD677B}.MinSizeRel|x64.ActiveCfg = MinSizeRel|x64
		{CEEC011A-FAA1-33DA-AA42-0906C7BD677B}.MinSizeRel|x64.Build.0 = MinSizeRel|x64
		{CEEC011A-FAA1-33DA-AA42-0906C7BD677B}.RelWithDebInfo|x64.ActiveCfg = RelWithDebInfo|x64
		{CEEC011A-FAA1-33DA-AA42-0906C7BD677B}.RelWithDebInfo|x64.Build.0 = RelWithDebInfo|x64
		{469662FC-B9F7-3C9E-98AA-23AFF1485D4B}.Debug|x64.ActiveCfg = Debug|x64
		{469662FC-B9F7-3C9E-98AA-23AFF1485D4B}.Debug|x64.Build.0 = Debug|x64
		{469662FC-B9F7-3C9E-98AA-23AFF1485D4B}.Release|x64.ActiveCfg = Release|x64
		{469662FC-B9F7-3C9E-98AA-23AFF1485D4B}.Release|x64.Build.0 = Release|x64
		{469662FC-B9F7-3C9E-98AA-23AFF1485D4B}.MinSizeRel|x64.ActiveCfg = MinSizeRel|x64
		{469662FC-B9F7-3C9E-98AA-23AFF1485D4B}.MinSizeRel|x64.Build.0 = MinSizeRel|x64
		{469662FC-B9F7-3C9E-98AA-23AFF1485D4B}.RelWithDebInfo|x64.ActiveCfg = RelWithDebInfo|x64
		{469662FC-B9F7-3C9E-98AA-23AFF1485D4B}.RelWithDebInfo|x64.Build.0 = RelWithDebInfo|x64
		{3FB4526E-1CB5-393C-9CFC-509C534CF305}.Debug|x64.ActiveCfg = Debug|x64
		{3FB4526E-1CB5-393C-9CFC-509C534CF305}.Debug|x64.Build.0 = Debug|x64
		{3FB4526E-1CB5-393C-9CFC-509C534CF305}.Release|x64.ActiveCfg = Release|x64
		{3FB4526E-1CB5-393C-9CFC-509C534CF305}.Release|x64.Build.0 = Release|x64
		{3FB4526E-1CB5-393C-9CFC-509C534CF305}.MinSizeRel|x64.ActiveCfg = MinSizeRel|x64
		{3FB4526E-1CB5-393C-9CFC-509C534CF305}.MinSizeRel|x64.Build.0 = MinSizeRel|x64
		{3FB4526E-1CB5-393C-9CFC-509C534CF305}.RelWithDebInfo|x64.ActiveCfg = RelWithDebInfo|x64
		{3FB4526E-1CB5-393C-9CFC-509C534CF305}.RelWithDebInfo|x64.Build.0 = RelWithDebInfo|x64
		{60A79414-9F4E-30A6-BD7E-12631ADD280E}.Debug|x64.ActiveCfg = Debug|x64
		{60A79414-9F4E-30A6-BD7E-12631ADD280E}.Release|x64.ActiveCfg = Release|x64
		{60A79414-9F4E-30A6-BD7E-12631ADD280E}.MinSizeRel|x64.ActiveCfg = MinSizeRel|x64
		{60A79414-9F4E-30A6-BD7E-12631ADD280E}.RelWithDebInfo|x64.ActiveCfg = RelWithDebInfo|x64
		{CC41BB7D-C502-346B-9842-D1B848FE4542}.Debug|x64.ActiveCfg = Debug|x64
		{CC41BB7D-C502-346B-9842-D1B848FE4542}.Debug|x64.Build.0 = Debug|x64
		{CC41BB7D-C502-346B-9842-D1B848FE4542}.Release|x64.ActiveCfg = Release|x64
		{CC41BB7D-C502-346B-9842-D1B848FE4542}.Release|x64.Build.0 = Release|x64
		{CC41BB7D-C502-346B-9842-D1B848FE4542}.MinSizeRel|x64.ActiveCfg = MinSizeRel|x64
		{CC41BB7D-C502-346B-9842-D1B848FE4542}.MinSizeRel|x64.Build.0 = MinSizeRel|x64
		{CC41BB7D-C502-346B-9842-D1B848FE4542}.RelWithDebInfo|x64.ActiveCfg = RelWithDebInfo|x64
		{CC41BB7D-C502-346B-9842-D1B848FE4542}.RelWithDebInfo|x64.Build.0 = RelWithDebInfo|x64
		{91AE7FC6-E597-3B83-AA3B-E38AD19EAD92}.Debug|x64.ActiveCfg = Debug|x64
		{91AE7FC6-E597-3B83-AA3B-E38AD19EAD92}.Debug|x64.Build.0 = Debug|x64
		{91AE7FC6-E597-3B83-AA3B-E38AD19EAD92}.Release|x64.ActiveCfg = Release|x64
		{91AE7FC6-E597-3B83-AA3B-E38AD19EAD92}.Release|x64.Build.0 = Release|x64
		{91AE7FC6-E597-3B83-AA3B-E38AD19EAD92}.MinSizeRel|x64.ActiveCfg = MinSizeRel|x64
		{91AE7FC6-E597-3B83-AA3B-E38AD19EAD92}.MinSizeRel|x64.Build.0 = MinSizeRel|x64
		{91AE7FC6-E597-3B83-AA3B-E38AD19EAD92}.RelWithDebInfo|x64.ActiveCfg = RelWithDebInfo|x64
		{91AE7FC6-E597-3B83-AA3B-E38AD19EAD92}.RelWithDebInfo|x64.Build.0 = RelWithDebInfo|x64
		{5B1C784F-5665-3132-9EA7-710E2256DBCF}.Debug|x64.ActiveCfg = Debug|x64
		{5B1C784F-5665-3132-9EA7-710E2256DBCF}.Debug|x64.Build.0 = Debug|x64
		{5B1C784F-5665-3132-9EA7-710E2256DBCF}.Release|x64.ActiveCfg = Release|x64
		{5B1C784F-5665-3132-9EA7-710E2256DBCF}.Release|x64.Build.0 = Release|x64
		{5B1C784F-5665-3132-9EA7-710E2256DBCF}.MinSizeRel|x64.ActiveCfg = MinSizeRel|x64
		{5B1C784F-5665-3132-9EA7-710E2256DBCF}.MinSizeRel|x64.Build.0 = MinSizeRel|x64
		{5B1C784F-5665-3132-9EA7-710E2256DBCF}.RelWithDebInfo|x64.ActiveCfg = RelWithDebInfo|x64
		{5B1C784F-5665-3132-9EA7-710E2256DBCF}.RelWithDebInfo|x64.Build.0 = RelWithDebInfo|x64
		{663E1229-C1DA-397D-8958-3AADFF96707E}.Debug|x64.ActiveCfg = Debug|x64
		{663E1229-C1DA-397D-8958-3AADFF96707E}.Debug|x64.Build.0 = Debug|x64
		{663E1229-C1DA-397D-8958-3AADFF96707E}.Release|x64.ActiveCfg = Release|x64
		{663E1229-C1DA-397D-8958-3AADFF96707E}.Release|x64.Build.0 = Release|x64
		{663E1229-C1DA-397D-8958-3AADFF96707E}.MinSizeRel|x64.ActiveCfg = MinSizeRel|x64
		{663E1229-C1DA-397D-8958-3AADFF96707E}.MinSizeRel|x64.Build.0 = MinSizeRel|x64
		{663E1229-C1DA-397D-8958-3AADFF96707E}.RelWithDebInfo|x64.ActiveCfg = RelWithDebInfo|x64
		{663E1229-C1DA-397D-8958-3AADFF96707E}.RelWithDebInfo|x64.Build.0 = RelWithDebInfo|x64
	EndGlobalSection
	GlobalSection(ExtensibilityGlobals) = postSolution
		SolutionGuid = {9DADB2F1-EF26-348A-8CE4-B5648FC34DBB}
	EndGlobalSection
	GlobalSection(ExtensibilityAddIns) = postSolution
	EndGlobalSection
EndGlobal
